// !$*UTF8*$!
{
	archiveVersion = 1;
	classes = {
	};
	objectVersion = 46;
	objects = {

/* Begin PBXBuildFile section */
		634AC6D81D062C7700E17D93 /* AppDelegate.swift in Sources */ = {isa = PBXBuildFile; fileRef = 634AC6D71D062C7700E17D93 /* AppDelegate.swift */; };
		634AC6DA1D062C7700E17D93 /* ViewController.swift in Sources */ = {isa = PBXBuildFile; fileRef = 634AC6D91D062C7700E17D93 /* ViewController.swift */; };
		634AC6DD1D062C7700E17D93 /* Main.storyboard in Resources */ = {isa = PBXBuildFile; fileRef = 634AC6DB1D062C7700E17D93 /* Main.storyboard */; };
		634AC6DF1D062C7700E17D93 /* Assets.xcassets in Resources */ = {isa = PBXBuildFile; fileRef = 634AC6DE1D062C7700E17D93 /* Assets.xcassets */; };
		634AC6E21D062C7700E17D93 /* LaunchScreen.storyboard in Resources */ = {isa = PBXBuildFile; fileRef = 634AC6E01D062C7700E17D93 /* LaunchScreen.storyboard */; };
		634AC6EC1D062CA000E17D93 /* MMMaterialDesignSpinner.m in Sources */ = {isa = PBXBuildFile; fileRef = 634AC6EB1D062CA000E17D93 /* MMMaterialDesignSpinner.m */; };
		634AC6EE1D062CCB00E17D93 /* LoadingButton.swift in Sources */ = {isa = PBXBuildFile; fileRef = 634AC6ED1D062CCB00E17D93 /* LoadingButton.swift */; };
		634AC6F31D0639B600E17D93 /* Enum.swift in Sources */ = {isa = PBXBuildFile; fileRef = 634AC6EF1D0639B600E17D93 /* Enum.swift */; };
		634AC6F41D0639B600E17D93 /* FontAwesome.otf in Resources */ = {isa = PBXBuildFile; fileRef = 634AC6F11D0639B600E17D93 /* FontAwesome.otf */; };
		634AC6F51D0639B600E17D93 /* FontAwesome.swift in Sources */ = {isa = PBXBuildFile; fileRef = 634AC6F21D0639B600E17D93 /* FontAwesome.swift */; };
		63AD9AD51D12091F00B9C5F8 /* Extensions.swift in Sources */ = {isa = PBXBuildFile; fileRef = 63AD9AD41D12091F00B9C5F8 /* Extensions.swift */; };
/* End PBXBuildFile section */

/* Begin PBXFileReference section */
		634AC6D41D062C7700E17D93 /* LoadingButton.app */ = {isa = PBXFileReference; explicitFileType = wrapper.application; includeInIndex = 0; path = LoadingButton.app; sourceTree = BUILT_PRODUCTS_DIR; };
		634AC6D71D062C7700E17D93 /* AppDelegate.swift */ = {isa = PBXFileReference; lastKnownFileType = sourcecode.swift; path = AppDelegate.swift; sourceTree = "<group>"; };
		634AC6D91D062C7700E17D93 /* ViewController.swift */ = {isa = PBXFileReference; lastKnownFileType = sourcecode.swift; path = ViewController.swift; sourceTree = "<group>"; };
		634AC6DC1D062C7700E17D93 /* Base */ = {isa = PBXFileReference; lastKnownFileType = file.storyboard; name = Base; path = Base.lproj/Main.storyboard; sourceTree = "<group>"; };
		634AC6DE1D062C7700E17D93 /* Assets.xcassets */ = {isa = PBXFileReference; lastKnownFileType = folder.assetcatalog; path = Assets.xcassets; sourceTree = "<group>"; };
		634AC6E11D062C7700E17D93 /* Base */ = {isa = PBXFileReference; lastKnownFileType = file.storyboard; name = Base; path = Base.lproj/LaunchScreen.storyboard; sourceTree = "<group>"; };
		634AC6E31D062C7700E17D93 /* Info.plist */ = {isa = PBXFileReference; lastKnownFileType = text.plist.xml; path = Info.plist; sourceTree = "<group>"; };
		634AC6E91D062C9F00E17D93 /* LoadingButton-Bridging-Header.h */ = {isa = PBXFileReference; lastKnownFileType = sourcecode.c.h; path = "LoadingButton-Bridging-Header.h"; sourceTree = "<group>"; };
		634AC6EA1D062CA000E17D93 /* MMMaterialDesignSpinner.h */ = {isa = PBXFileReference; fileEncoding = 4; lastKnownFileType = sourcecode.c.h; path = MMMaterialDesignSpinner.h; sourceTree = "<group>"; };
		634AC6EB1D062CA000E17D93 /* MMMaterialDesignSpinner.m */ = {isa = PBXFileReference; fileEncoding = 4; lastKnownFileType = sourcecode.c.objc; path = MMMaterialDesignSpinner.m; sourceTree = "<group>"; };
		634AC6ED1D062CCB00E17D93 /* LoadingButton.swift */ = {isa = PBXFileReference; fileEncoding = 4; lastKnownFileType = sourcecode.swift; path = LoadingButton.swift; sourceTree = "<group>"; };
		634AC6EF1D0639B600E17D93 /* Enum.swift */ = {isa = PBXFileReference; fileEncoding = 4; lastKnownFileType = sourcecode.swift; path = Enum.swift; sourceTree = "<group>"; };
		634AC6F01D0639B600E17D93 /* FontAwesome.h */ = {isa = PBXFileReference; fileEncoding = 4; lastKnownFileType = sourcecode.c.h; path = FontAwesome.h; sourceTree = "<group>"; };
		634AC6F11D0639B600E17D93 /* FontAwesome.otf */ = {isa = PBXFileReference; lastKnownFileType = file; path = FontAwesome.otf; sourceTree = "<group>"; };
		634AC6F21D0639B600E17D93 /* FontAwesome.swift */ = {isa = PBXFileReference; fileEncoding = 4; lastKnownFileType = sourcecode.swift; path = FontAwesome.swift; sourceTree = "<group>"; };
		63AD9AD41D12091F00B9C5F8 /* Extensions.swift */ = {isa = PBXFileReference; fileEncoding = 4; lastKnownFileType = sourcecode.swift; path = Extensions.swift; sourceTree = "<group>"; };
/* End PBXFileReference section */

/* Begin PBXFrameworksBuildPhase section */
		634AC6D11D062C7700E17D93 /* Frameworks */ = {
			isa = PBXFrameworksBuildPhase;
			buildActionMask = 2147483647;
			files = (
			);
			runOnlyForDeploymentPostprocessing = 0;
		};
/* End PBXFrameworksBuildPhase section */

/* Begin PBXGroup section */
		634AC6CB1D062C7700E17D93 = {
			isa = PBXGroup;
			children = (
				634AC6D61D062C7700E17D93 /* LoadingButton */,
				634AC6D51D062C7700E17D93 /* Products */,
			);
			sourceTree = "<group>";
		};
		634AC6D51D062C7700E17D93 /* Products */ = {
			isa = PBXGroup;
			children = (
				634AC6D41D062C7700E17D93 /* LoadingButton.app */,
			);
			name = Products;
			sourceTree = "<group>";
		};
		634AC6D61D062C7700E17D93 /* LoadingButton */ = {
			isa = PBXGroup;
			children = (
				634AC6DB1D062C7700E17D93 /* Main.storyboard */,
				634AC6D91D062C7700E17D93 /* ViewController.swift */,
				634AC6ED1D062CCB00E17D93 /* LoadingButton.swift */,
				63AD9AD41D12091F00B9C5F8 /* Extensions.swift */,
				634AC6F81D063CD400E17D93 /* Supporting Files (need these) */,
				634AC6F91D063CE300E17D93 /* other */,
			);
			path = LoadingButton;
			sourceTree = "<group>";
		};
		634AC6F61D063CA800E17D93 /* FontAwesome */ = {
			isa = PBXGroup;
			children = (
				634AC6EF1D0639B600E17D93 /* Enum.swift */,
				634AC6F01D0639B600E17D93 /* FontAwesome.h */,
				634AC6F11D0639B600E17D93 /* FontAwesome.otf */,
				634AC6F21D0639B600E17D93 /* FontAwesome.swift */,
			);
			name = FontAwesome;
			sourceTree = "<group>";
		};
		634AC6F71D063CCC00E17D93 /* Spinner */ = {
			isa = PBXGroup;
			children = (
				634AC6EA1D062CA000E17D93 /* MMMaterialDesignSpinner.h */,
				634AC6EB1D062CA000E17D93 /* MMMaterialDesignSpinner.m */,
			);
			name = Spinner;
			sourceTree = "<group>";
		};
		634AC6F81D063CD400E17D93 /* Supporting Files (need these) */ = {
			isa = PBXGroup;
			children = (
				634AC6E91D062C9F00E17D93 /* LoadingButton-Bridging-Header.h */,
				634AC6F71D063CCC00E17D93 /* Spinner */,
				634AC6F61D063CA800E17D93 /* FontAwesome */,
			);
			name = "Supporting Files (need these)";
			sourceTree = "<group>";
		};
		634AC6F91D063CE300E17D93 /* other */ = {
			isa = PBXGroup;
			children = (
				634AC6D71D062C7700E17D93 /* AppDelegate.swift */,
				634AC6DE1D062C7700E17D93 /* Assets.xcassets */,
				634AC6E01D062C7700E17D93 /* LaunchScreen.storyboard */,
				634AC6E31D062C7700E17D93 /* Info.plist */,
			);
			name = other;
			sourceTree = "<group>";
		};
/* End PBXGroup section */

/* Begin PBXNativeTarget section */
		634AC6D31D062C7700E17D93 /* LoadingButton */ = {
			isa = PBXNativeTarget;
			buildConfigurationList = 634AC6E61D062C7700E17D93 /* Build configuration list for PBXNativeTarget "LoadingButton" */;
			buildPhases = (
				634AC6D01D062C7700E17D93 /* Sources */,
				634AC6D11D062C7700E17D93 /* Frameworks */,
				634AC6D21D062C7700E17D93 /* Resources */,
			);
			buildRules = (
			);
			dependencies = (
			);
			name = LoadingButton;
			productName = LoadingButton;
			productReference = 634AC6D41D062C7700E17D93 /* LoadingButton.app */;
			productType = "com.apple.product-type.application";
		};
/* End PBXNativeTarget section */

/* Begin PBXProject section */
		634AC6CC1D062C7700E17D93 /* Project object */ = {
			isa = PBXProject;
			attributes = {
				LastSwiftUpdateCheck = 0730;
				LastUpgradeCheck = 0730;
				ORGANIZATIONNAME = david;
				TargetAttributes = {
					634AC6D31D062C7700E17D93 = {
						CreatedOnToolsVersion = 7.3.1;
						DevelopmentTeam = 95P55J7Q5M;
					};
				};
			};
			buildConfigurationList = 634AC6CF1D062C7700E17D93 /* Build configuration list for PBXProject "LoadingButton" */;
			compatibilityVersion = "Xcode 3.2";
			developmentRegion = English;
			hasScannedForEncodings = 0;
			knownRegions = (
				en,
				Base,
			);
			mainGroup = 634AC6CB1D062C7700E17D93;
			productRefGroup = 634AC6D51D062C7700E17D93 /* Products */;
			projectDirPath = "";
			projectRoot = "";
			targets = (
				634AC6D31D062C7700E17D93 /* LoadingButton */,
			);
		};
/* End PBXProject section */

/* Begin PBXResourcesBuildPhase section */
		634AC6D21D062C7700E17D93 /* Resources */ = {
			isa = PBXResourcesBuildPhase;
			buildActionMask = 2147483647;
			files = (
				634AC6E21D062C7700E17D93 /* LaunchScreen.storyboard in Resources */,
				634AC6DF1D062C7700E17D93 /* Assets.xcassets in Resources */,
				634AC6F41D0639B600E17D93 /* FontAwesome.otf in Resources */,
				634AC6DD1D062C7700E17D93 /* Main.storyboard in Resources */,
			);
			runOnlyForDeploymentPostprocessing = 0;
		};
/* End PBXResourcesBuildPhase section */

/* Begin PBXSourcesBuildPhase section */
		634AC6D01D062C7700E17D93 /* Sources */ = {
			isa = PBXSourcesBuildPhase;
			buildActionMask = 2147483647;
			files = (
				634AC6EE1D062CCB00E17D93 /* LoadingButton.swift in Sources */,
				634AC6DA1D062C7700E17D93 /* ViewController.swift in Sources */,
				634AC6EC1D062CA000E17D93 /* MMMaterialDesignSpinner.m in Sources */,
				634AC6F31D0639B600E17D93 /* Enum.swift in Sources */,
				634AC6F51D0639B600E17D93 /* FontAwesome.swift in Sources */,
				634AC6D81D062C7700E17D93 /* AppDelegate.swift in Sources */,
				63AD9AD51D12091F00B9C5F8 /* Extensions.swift in Sources */,
			);
			runOnlyForDeploymentPostprocessing = 0;
		};
/* End PBXSourcesBuildPhase section */

/* Begin PBXVariantGroup section */
		634AC6DB1D062C7700E17D93 /* Main.storyboard */ = {
			isa = PBXVariantGroup;
			children = (
				634AC6DC1D062C7700E17D93 /* Base */,
			);
			name = Main.storyboard;
			sourceTree = "<group>";
		};
		634AC6E01D062C7700E17D93 /* LaunchScreen.storyboard */ = {
			isa = PBXVariantGroup;
			children = (
				634AC6E11D062C7700E17D93 /* Base */,
			);
			name = LaunchScreen.storyboard;
			sourceTree = "<group>";
		};
/* End PBXVariantGroup section */

/* Begin XCBuildConfiguration section */
		634AC6E41D062C7700E17D93 /* Debug */ = {
			isa = XCBuildConfiguration;
			buildSettings = {
				ALWAYS_SEARCH_USER_PATHS = NO;
				CLANG_ANALYZER_NONNULL = YES;
				CLANG_CXX_LANGUAGE_STANDARD = "gnu++0x";
				CLANG_CXX_LIBRARY = "libc++";
				CLANG_ENABLE_MODULES = YES;
				CLANG_ENABLE_OBJC_ARC = YES;
				CLANG_WARN_BOOL_CONVERSION = YES;
				CLANG_WARN_CONSTANT_CONVERSION = YES;
				CLANG_WARN_DIRECT_OBJC_ISA_USAGE = YES_ERROR;
				CLANG_WARN_EMPTY_BODY = YES;
				CLANG_WARN_ENUM_CONVERSION = YES;
				CLANG_WARN_INT_CONVERSION = YES;
				CLANG_WARN_OBJC_ROOT_CLASS = YES_ERROR;
				CLANG_WARN_UNREACHABLE_CODE = YES;
				CLANG_WARN__DUPLICATE_METHOD_MATCH = YES;
				"CODE_SIGN_IDENTITY[sdk=iphoneos*]" = "iPhone Developer";
				COPY_PHASE_STRIP = NO;
				DEBUG_INFORMATION_FORMAT = dwarf;
				ENABLE_STRICT_OBJC_MSGSEND = YES;
				ENABLE_TESTABILITY = YES;
				GCC_C_LANGUAGE_STANDARD = gnu99;
				GCC_DYNAMIC_NO_PIC = NO;
				GCC_NO_COMMON_BLOCKS = YES;
				GCC_OPTIMIZATION_LEVEL = 0;
				GCC_PREPROCESSOR_DEFINITIONS = (
					"DEBUG=1",
					"$(inherited)",
				);
				GCC_WARN_64_TO_32_BIT_CONVERSION = YES;
				GCC_WARN_ABOUT_RETURN_TYPE = YES_ERROR;
				GCC_WARN_UNDECLARED_SELECTOR = YES;
				GCC_WARN_UNINITIALIZED_AUTOS = YES_AGGRESSIVE;
				GCC_WARN_UNUSED_FUNCTION = YES;
				GCC_WARN_UNUSED_VARIABLE = YES;
				IPHONEOS_DEPLOYMENT_TARGET = 9.3;
				MTL_ENABLE_DEBUG_INFO = YES;
				ONLY_ACTIVE_ARCH = YES;
				SDKROOT = iphoneos;
				SWIFT_OPTIMIZATION_LEVEL = "-Onone";
				TARGETED_DEVICE_FAMILY = "1,2";
			};
			name = Debug;
		};
		634AC6E51D062C7700E17D93 /* Release */ = {
			isa = XCBuildConfiguration;
			buildSettings = {
				ALWAYS_SEARCH_USER_PATHS = NO;
				CLANG_ANALYZER_NONNULL = YES;
				CLANG_CXX_LANGUAGE_STANDARD = "gnu++0x";
				CLANG_CXX_LIBRARY = "libc++";
				CLANG_ENABLE_MODULES = YES;
				CLANG_ENABLE_OBJC_ARC = YES;
				CLANG_WARN_BOOL_CONVERSION = YES;
				CLANG_WARN_CONSTANT_CONVERSION = YES;
				CLANG_WARN_DIRECT_OBJC_ISA_USAGE = YES_ERROR;
				CLANG_WARN_EMPTY_BODY = YES;
				CLANG_WARN_ENUM_CONVERSION = YES;
				CLANG_WARN_INT_CONVERSION = YES;
				CLANG_WARN_OBJC_ROOT_CLASS = YES_ERROR;
				CLANG_WARN_UNREACHABLE_CODE = YES;
				CLANG_WARN__DUPLICATE_METHOD_MATCH = YES;
				"CODE_SIGN_IDENTITY[sdk=iphoneos*]" = "iPhone Developer";
				COPY_PHASE_STRIP = NO;
				DEBUG_INFORMATION_FORMAT = "dwarf-with-dsym";
				ENABLE_NS_ASSERTIONS = NO;
				ENABLE_STRICT_OBJC_MSGSEND = YES;
				GCC_C_LANGUAGE_STANDARD = gnu99;
				GCC_NO_COMMON_BLOCKS = YES;
				GCC_WARN_64_TO_32_BIT_CONVERSION = YES;
				GCC_WARN_ABOUT_RETURN_TYPE = YES_ERROR;
				GCC_WARN_UNDECLARED_SELECTOR = YES;
				GCC_WARN_UNINITIALIZED_AUTOS = YES_AGGRESSIVE;
				GCC_WARN_UNUSED_FUNCTION = YES;
				GCC_WARN_UNUSED_VARIABLE = YES;
				IPHONEOS_DEPLOYMENT_TARGET = 9.3;
				MTL_ENABLE_DEBUG_INFO = NO;
				SDKROOT = iphoneos;
				TARGETED_DEVICE_FAMILY = "1,2";
				VALIDATE_PRODUCT = YES;
			};
			name = Release;
		};
		634AC6E71D062C7700E17D93 /* Debug */ = {
			isa = XCBuildConfiguration;
			buildSettings = {
				ASSETCATALOG_COMPILER_APPICON_NAME = AppIcon;
				CLANG_ENABLE_MODULES = YES;
				CODE_SIGN_IDENTITY = "iPhone Developer";
				"CODE_SIGN_IDENTITY[sdk=iphoneos*]" = "iPhone Developer";
				INFOPLIST_FILE = LoadingButton/Info.plist;
				LD_RUNPATH_SEARCH_PATHS = "$(inherited) @executable_path/Frameworks";
				PRODUCT_BUNDLE_IDENTIFIER = com.LoadingButton;
				PRODUCT_NAME = "$(TARGET_NAME)";
				PROVISIONING_PROFILE = "";
				SWIFT_OBJC_BRIDGING_HEADER = "LoadingButton/LoadingButton-Bridging-Header.h";
				SWIFT_OPTIMIZATION_LEVEL = "-Onone";
			};
			name = Debug;
		};
		634AC6E81D062C7700E17D93 /* Release */ = {
			isa = XCBuildConfiguration;
			buildSettings = {
				ASSETCATALOG_COMPILER_APPICON_NAME = AppIcon;
				CLANG_ENABLE_MODULES = YES;
				CODE_SIGN_IDENTITY = "iPhone Developer";
				"CODE_SIGN_IDENTITY[sdk=iphoneos*]" = "iPhone Developer";
				INFOPLIST_FILE = LoadingButton/Info.plist;
				LD_RUNPATH_SEARCH_PATHS = "$(inherited) @executable_path/Frameworks";
				PRODUCT_BUNDLE_IDENTIFIER = com.LoadingButton;
				PRODUCT_NAME = "$(TARGET_NAME)";
				PROVISIONING_PROFILE = "";
				SWIFT_OBJC_BRIDGING_HEADER = "LoadingButton/LoadingButton-Bridging-Header.h";
			};
			name = Release;
		};
/* End XCBuildConfiguration section */

/* Begin XCConfigurationList section */
		634AC6CF1D062C7700E17D93 /* Build configuration list for PBXProject "LoadingButton" */ = {
			isa = XCConfigurationList;
			buildConfigurations = (
				634AC6E41D062C7700E17D93 /* Debug */,
				634AC6E51D062C7700E17D93 /* Release */,
			);
			defaultConfigurationIsVisible = 0;
			defaultConfigurationName = Release;
		};
		634AC6E61D062C7700E17D93 /* Build configuration list for PBXNativeTarget "LoadingButton" */ = {
			isa = XCConfigurationList;
			buildConfigurations = (
				634AC6E71D062C7700E17D93 /* Debug */,
				634AC6E81D062C7700E17D93 /* Release */,
			);
			defaultConfigurationIsVisible = 0;
			defaultConfigurationName = Release;
		};
/* End XCConfigurationList section */
	};
	rootObject = 634AC6CC1D062C7700E17D93 /* Project object */;
}
